// !$*UTF8*$!
{
	archiveVersion = 1;
	classes = {
	};
	objectVersion = 46;
	objects = {

/* Begin PBXBuildFile section */
		3ACF975E1461E0EE000DA9E8 /* UIKit.framework in Frameworks */ = {isa = PBXBuildFile; fileRef = 3ACF975D1461E0EE000DA9E8 /* UIKit.framework */; };
		3ACF97601461E0EE000DA9E8 /* Foundation.framework in Frameworks */ = {isa = PBXBuildFile; fileRef = 3ACF975F1461E0EE000DA9E8 /* Foundation.framework */; };
		3ACF97621461E0EE000DA9E8 /* CoreGraphics.framework in Frameworks */ = {isa = PBXBuildFile; fileRef = 3ACF97611461E0EE000DA9E8 /* CoreGraphics.framework */; };
		3ACF97681461E0EE000DA9E8 /* InfoPlist.strings in Resources */ = {isa = PBXBuildFile; fileRef = 3ACF97661461E0EE000DA9E8 /* InfoPlist.strings */; };
		3ACF976A1461E0EE000DA9E8 /* main.m in Sources */ = {isa = PBXBuildFile; fileRef = 3ACF97691461E0EE000DA9E8 /* main.m */; };
		3ACF976E1461E0EE000DA9E8 /* AppDelegate.m in Sources */ = {isa = PBXBuildFile; fileRef = 3ACF976D1461E0EE000DA9E8 /* AppDelegate.m */; };
		3ACF97711461E0EE000DA9E8 /* RootViewController.m in Sources */ = {isa = PBXBuildFile; fileRef = 3ACF97701461E0EE000DA9E8 /* RootViewController.m */; };
		3ACF97741461E0EE000DA9E8 /* DataViewController.m in Sources */ = {isa = PBXBuildFile; fileRef = 3ACF97731461E0EE000DA9E8 /* DataViewController.m */; };
		3ACF97771461E0EE000DA9E8 /* ModelController.m in Sources */ = {isa = PBXBuildFile; fileRef = 3ACF97761461E0EE000DA9E8 /* ModelController.m */; };
		3ACF977A1461E0EE000DA9E8 /* MainStoryboard.storyboard in Resources */ = {isa = PBXBuildFile; fileRef = 3ACF97781461E0EE000DA9E8 /* MainStoryboard.storyboard */; };
/* End PBXBuildFile section */

/* Begin PBXFileReference section */
		3ACF97591461E0EE000DA9E8 /* test.app */ = {isa = PBXFileReference; explicitFileType = wrapper.application; includeInIndex = 0; path = test.app; sourceTree = BUILT_PRODUCTS_DIR; };
		3ACF975D1461E0EE000DA9E8 /* UIKit.framework */ = {isa = PBXFileReference; lastKnownFileType = wrapper.framework; name = UIKit.framework; path = System/Library/Frameworks/UIKit.framework; sourceTree = SDKROOT; };
		3ACF975F1461E0EE000DA9E8 /* Foundation.framework */ = {isa = PBXFileReference; lastKnownFileType = wrapper.framework; name = Foundation.framework; path = System/Library/Frameworks/Foundation.framework; sourceTree = SDKROOT; };
		3ACF97611461E0EE000DA9E8 /* CoreGraphics.framework */ = {isa = PBXFileReference; lastKnownFileType = wrapper.framework; name = CoreGraphics.framework; path = System/Library/Frameworks/CoreGraphics.framework; sourceTree = SDKROOT; };
		3ACF97651461E0EE000DA9E8 /* test-Info.plist */ = {isa = PBXFileReference; lastKnownFileType = text.plist.xml; path = "test-Info.plist"; sourceTree = "<group>"; };
		3ACF97671461E0EE000DA9E8 /* en */ = {isa = PBXFileReference; lastKnownFileType = text.plist.strings; name = en; path = en.lproj/InfoPlist.strings; sourceTree = "<group>"; };
		3ACF97691461E0EE000DA9E8 /* main.m */ = {isa = PBXFileReference; lastKnownFileType = sourcecode.c.objc; path = main.m; sourceTree = "<group>"; };
		3ACF976B1461E0EE000DA9E8 /* test-Prefix.pch */ = {isa = PBXFileReference; lastKnownFileType = sourcecode.c.h; path = "test-Prefix.pch"; sourceTree = "<group>"; };
		3ACF976C1461E0EE000DA9E8 /* AppDelegate.h */ = {isa = PBXFileReference; lastKnownFileType = sourcecode.c.h; path = AppDelegate.h; sourceTree = "<group>"; };
		3ACF976D1461E0EE000DA9E8 /* AppDelegate.m */ = {isa = PBXFileReference; lastKnownFileType = sourcecode.c.objc; path = AppDelegate.m; sourceTree = "<group>"; };
		3ACF976F1461E0EE000DA9E8 /* RootViewController.h */ = {isa = PBXFileReference; lastKnownFileType = sourcecode.c.h; path = RootViewController.h; sourceTree = "<group>"; };
		3ACF97701461E0EE000DA9E8 /* RootViewController.m */ = {isa = PBXFileReference; lastKnownFileType = sourcecode.c.objc; path = RootViewController.m; sourceTree = "<group>"; };
		3ACF97721461E0EE000DA9E8 /* DataViewController.h */ = {isa = PBXFileReference; lastKnownFileType = sourcecode.c.h; path = DataViewController.h; sourceTree = "<group>"; };
		3ACF97731461E0EE000DA9E8 /* DataViewController.m */ = {isa = PBXFileReference; lastKnownFileType = sourcecode.c.objc; path = DataViewController.m; sourceTree = "<group>"; };
		3ACF97751461E0EE000DA9E8 /* ModelController.h */ = {isa = PBXFileReference; lastKnownFileType = sourcecode.c.h; path = ModelController.h; sourceTree = "<group>"; };
		3ACF97761461E0EE000DA9E8 /* ModelController.m */ = {isa = PBXFileReference; lastKnownFileType = sourcecode.c.objc; path = ModelController.m; sourceTree = "<group>"; };
		3ACF97791461E0EE000DA9E8 /* en */ = {isa = PBXFileReference; lastKnownFileType = file.storyboard; name = en; path = en.lproj/MainStoryboard.storyboard; sourceTree = "<group>"; };
/* End PBXFileReference section */

/* Begin PBXFrameworksBuildPhase section */
		3ACF97561461E0EE000DA9E8 /* Frameworks */ = {
			isa = PBXFrameworksBuildPhase;
			buildActionMask = 2147483647;
			files = (
				3ACF975E1461E0EE000DA9E8 /* UIKit.framework in Frameworks */,
				3ACF97601461E0EE000DA9E8 /* Foundation.framework in Frameworks */,
				3ACF97621461E0EE000DA9E8 /* CoreGraphics.framework in Frameworks */,
			);
			runOnlyForDeploymentPostprocessing = 0;
		};
/* End PBXFrameworksBuildPhase section */

/* Begin PBXGroup section */
		3ACF974E1461E0EE000DA9E8 = {
			isa = PBXGroup;
			children = (
				3ACF97631461E0EE000DA9E8 /* test */,
				3ACF975C1461E0EE000DA9E8 /* Frameworks */,
				3ACF975A1461E0EE000DA9E8 /* Products */,
			);
			sourceTree = "<group>";
		};
		3ACF975A1461E0EE000DA9E8 /* Products */ = {
			isa = PBXGroup;
			children = (
				3ACF97591461E0EE000DA9E8 /* test.app */,
			);
			name = Products;
			sourceTree = "<group>";
		};
		3ACF975C1461E0EE000DA9E8 /* Frameworks */ = {
			isa = PBXGroup;
			children = (
				3ACF975D1461E0EE000DA9E8 /* UIKit.framework */,
				3ACF975F1461E0EE000DA9E8 /* Foundation.framework */,
				3ACF97611461E0EE000DA9E8 /* CoreGraphics.framework */,
			);
			name = Frameworks;
			sourceTree = "<group>";
		};
		3ACF97631461E0EE000DA9E8 /* test */ = {
			isa = PBXGroup;
			children = (
				3ACF976C1461E0EE000DA9E8 /* AppDelegate.h */,
				3ACF976D1461E0EE000DA9E8 /* AppDelegate.m */,
				3ACF976F1461E0EE000DA9E8 /* RootViewController.h */,
				3ACF97701461E0EE000DA9E8 /* RootViewController.m */,
				3ACF97721461E0EE000DA9E8 /* DataViewController.h */,
				3ACF97731461E0EE000DA9E8 /* DataViewController.m */,
				3ACF97751461E0EE000DA9E8 /* ModelController.h */,
				3ACF97761461E0EE000DA9E8 /* ModelController.m */,
				3ACF97781461E0EE000DA9E8 /* MainStoryboard.storyboard */,
				3ACF97641461E0EE000DA9E8 /* Supporting Files */,
			);
			path = test;
			sourceTree = "<group>";
		};
		3ACF97641461E0EE000DA9E8 /* Supporting Files */ = {
			isa = PBXGroup;
			children = (
				3ACF97651461E0EE000DA9E8 /* test-Info.plist */,
				3ACF97661461E0EE000DA9E8 /* InfoPlist.strings */,
				3ACF97691461E0EE000DA9E8 /* main.m */,
				3ACF976B1461E0EE000DA9E8 /* test-Prefix.pch */,
			);
			name = "Supporting Files";
			sourceTree = "<group>";
		};
/* End PBXGroup section */

/* Begin PBXNativeTarget section */
		3ACF97581461E0EE000DA9E8 /* test */ = {
			isa = PBXNativeTarget;
			buildConfigurationList = 3ACF977D1461E0EE000DA9E8 /* Build configuration list for PBXNativeTarget "test" */;
			buildPhases = (
				3ACF97551461E0EE000DA9E8 /* Sources */,
				3ACF97561461E0EE000DA9E8 /* Frameworks */,
				3ACF97571461E0EE000DA9E8 /* Resources */,
			);
			buildRules = (
			);
			dependencies = (
			);
			name = test;
			productName = test;
			productReference = 3ACF97591461E0EE000DA9E8 /* test.app */;
			productType = "com.apple.product-type.application";
		};
/* End PBXNativeTarget section */

/* Begin PBXProject section */
		3ACF97501461E0EE000DA9E8 /* Project object */ = {
			isa = PBXProject;
			attributes = {
				LastUpgradeCheck = 0420;
			};
			buildConfigurationList = 3ACF97531461E0EE000DA9E8 /* Build configuration list for PBXProject "test" */;
			compatibilityVersion = "Xcode 3.2";
			developmentRegion = English;
			hasScannedForEncodings = 0;
			knownRegions = (
				en,
			);
			mainGroup = 3ACF974E1461E0EE000DA9E8;
			productRefGroup = 3ACF975A1461E0EE000DA9E8 /* Products */;
			projectDirPath = "";
			projectRoot = "";
			targets = (
				3ACF97581461E0EE000DA9E8 /* test */,
			);
		};
/* End PBXProject section */

/* Begin PBXResourcesBuildPhase section */
		3ACF97571461E0EE000DA9E8 /* Resources */ = {
			isa = PBXResourcesBuildPhase;
			buildActionMask = 2147483647;
			files = (
				3ACF97681461E0EE000DA9E8 /* InfoPlist.strings in Resources */,
				3ACF977A1461E0EE000DA9E8 /* MainStoryboard.storyboard in Resources */,
			);
			runOnlyForDeploymentPostprocessing = 0;
		};
/* End PBXResourcesBuildPhase section */

/* Begin PBXSourcesBuildPhase section */
		3ACF97551461E0EE000DA9E8 /* Sources */ = {
			isa = PBXSourcesBuildPhase;
			buildActionMask = 2147483647;
			files = (
				3ACF976A1461E0EE000DA9E8 /* main.m in Sources */,
				3ACF976E1461E0EE000DA9E8 /* AppDelegate.m in Sources */,
				3ACF97711461E0EE000DA9E8 /* RootViewController.m in Sources */,
				3ACF97741461E0EE000DA9E8 /* DataViewController.m in Sources */,
				3ACF97771461E0EE000DA9E8 /* ModelController.m in Sources */,
			);
			runOnlyForDeploymentPostprocessing = 0;
		};
/* End PBXSourcesBuildPhase section */

/* Begin PBXVariantGroup section */
		3ACF97661461E0EE000DA9E8 /* InfoPlist.strings */ = {
			isa = PBXVariantGroup;
			children = (
				3ACF97671461E0EE000DA9E8 /* en */,
			);
			name = InfoPlist.strings;
			sourceTree = "<group>";
		};
		3ACF97781461E0EE000DA9E8 /* MainStoryboard.storyboard */ = {
			isa = PBXVariantGroup;
			children = (
				3ACF97791461E0EE000DA9E8 /* en */,
			);
			name = MainStoryboard.storyboard;
			sourceTree = "<group>";
		};
/* End PBXVariantGroup section */

/* Begin XCBuildConfiguration section */
		3ACF977B1461E0EE000DA9E8 /* Debug */ = {
			isa = XCBuildConfiguration;
			buildSettings = {
				ALWAYS_SEARCH_USER_PATHS = NO;
				ARCHS = "$(ARCHS_STANDARD_32_BIT)";
				CLANG_ENABLE_OBJC_ARC = YES;
				"CODE_SIGN_IDENTITY[sdk=iphoneos*]" = "iPhone Developer";
				COPY_PHASE_STRIP = NO;
				GCC_C_LANGUAGE_STANDARD = gnu99;
				GCC_DYNAMIC_NO_PIC = NO;
				GCC_OPTIMIZATION_LEVEL = 0;
				GCC_PREPROCESSOR_DEFINITIONS = (
					"DEBUG=1",
					"$(inherited)",
				);
				GCC_SYMBOLS_PRIVATE_EXTERN = NO;
				GCC_VERSION = com.apple.compilers.llvm.clang.1_0;
				GCC_WARN_ABOUT_MISSING_PROTOTYPES = YES;
				GCC_WARN_ABOUT_RETURN_TYPE = YES;
				GCC_WARN_UNUSED_VARIABLE = YES;
				IPHONEOS_DEPLOYMENT_TARGET = 5.0;
				SDKROOT = iphoneos;
			};
			name = Debug;
		};
		3ACF977C1461E0EE000DA9E8 /* Release */ = {
			isa = XCBuildConfiguration;
			buildSettings = {
				ALWAYS_SEARCH_USER_PATHS = NO;
				ARCHS = "$(ARCHS_STANDARD_32_BIT)";
				CLANG_ENABLE_OBJC_ARC = YES;
				"CODE_SIGN_IDENTITY[sdk=iphoneos*]" = "iPhone Developer";
				COPY_PHASE_STRIP = YES;
				GCC_C_LANGUAGE_STANDARD = gnu99;
				GCC_VERSION = com.apple.compilers.llvm.clang.1_0;
				GCC_WARN_ABOUT_MISSING_PROTOTYPES = YES;
				GCC_WARN_ABOUT_RETURN_TYPE = YES;
				GCC_WARN_UNUSED_VARIABLE = YES;
				IPHONEOS_DEPLOYMENT_TARGET = 5.0;
				OTHER_CFLAGS = "-DNS_BLOCK_ASSERTIONS=1";
				SDKROOT = iphoneos;
				VALIDATE_PRODUCT = YES;
			};
			name = Release;
		};
		3ACF977E1461E0EE000DA9E8 /* Debug */ = {
			isa = XCBuildConfiguration;
			buildSettings = {
				GCC_PRECOMPILE_PREFIX_HEADER = YES;
				GCC_PREFIX_HEADER = "test/test-Prefix.pch";
				INFOPLIST_FILE = "test/test-Info.plist";
				PRODUCT_NAME = "$(TARGET_NAME)";
				WRAPPER_EXTENSION = app;
			};
			name = Debug;
		};
		3ACF977F1461E0EE000DA9E8 /* Release */ = {
			isa = XCBuildConfiguration;
			buildSettings = {
				GCC_PRECOMPILE_PREFIX_HEADER = YES;
				GCC_PREFIX_HEADER = "test/test-Prefix.pch";
				INFOPLIST_FILE = "test/test-Info.plist";
				PRODUCT_NAME = "$(TARGET_NAME)";
				WRAPPER_EXTENSION = app;
			};
			name = Release;
		};
/* End XCBuildConfiguration section */

/* Begin XCConfigurationList section */
		3ACF97531461E0EE000DA9E8 /* Build configuration list for PBXProject "test" */ = {
			isa = XCConfigurationList;
			buildConfigurations = (
				3ACF977B1461E0EE000DA9E8 /* Debug */,
				3ACF977C1461E0EE000DA9E8 /* Release */,
			);
			defaultConfigurationIsVisible = 0;
			defaultConfigurationName = Release;
		};
		3ACF977D1461E0EE000DA9E8 /* Build configuration list for PBXNativeTarget "test" */ = {
			isa = XCConfigurationList;
			buildConfigurations = (
				3ACF977E1461E0EE000DA9E8 /* Debug */,
				3ACF977F1461E0EE000DA9E8 /* Release */,
			);
			defaultConfigurationIsVisible = 0;
		};
/* End XCConfigurationList section */
	};
	rootObject = 3ACF97501461E0EE000DA9E8 /* Project object */;
}
