// !$*UTF8*$!
{
	archiveVersion = 1;
	classes = {
	};
	objectVersion = 46;
	objects = {

/* Begin PBXBuildFile section */
		3A21D77C145D809400E8D1AF /* UIKit.framework in Frameworks */ = {isa = PBXBuildFile; fileRef = 3A21D77B145D809400E8D1AF /* UIKit.framework */; };
		3A21D77E145D809400E8D1AF /* Foundation.framework in Frameworks */ = {isa = PBXBuildFile; fileRef = 3A21D77D145D809400E8D1AF /* Foundation.framework */; };
		3A21D780145D809400E8D1AF /* CoreGraphics.framework in Frameworks */ = {isa = PBXBuildFile; fileRef = 3A21D77F145D809400E8D1AF /* CoreGraphics.framework */; };
		3A21D782145D809400E8D1AF /* CoreData.framework in Frameworks */ = {isa = PBXBuildFile; fileRef = 3A21D781145D809400E8D1AF /* CoreData.framework */; };
		3A21D788145D809400E8D1AF /* InfoPlist.strings in Resources */ = {isa = PBXBuildFile; fileRef = 3A21D786145D809400E8D1AF /* InfoPlist.strings */; };
		3A21D78A145D809400E8D1AF /* main.m in Sources */ = {isa = PBXBuildFile; fileRef = 3A21D789145D809400E8D1AF /* main.m */; };
		3A21D78E145D809400E8D1AF /* AppDelegate.m in Sources */ = {isa = PBXBuildFile; fileRef = 3A21D78D145D809400E8D1AF /* AppDelegate.m */; };
		3A21D791145D809400E8D1AF /* Locations.xcdatamodeld in Sources */ = {isa = PBXBuildFile; fileRef = 3A21D78F145D809400E8D1AF /* Locations.xcdatamodeld */; };
		3A21D7A2145D860A00E8D1AF /* RootViewController.m in Sources */ = {isa = PBXBuildFile; fileRef = 3A21D7A1145D860A00E8D1AF /* RootViewController.m */; };
/* End PBXBuildFile section */

/* Begin PBXFileReference section */
		3A21D777145D809400E8D1AF /* Locations.app */ = {isa = PBXFileReference; explicitFileType = wrapper.application; includeInIndex = 0; path = Locations.app; sourceTree = BUILT_PRODUCTS_DIR; };
		3A21D77B145D809400E8D1AF /* UIKit.framework */ = {isa = PBXFileReference; lastKnownFileType = wrapper.framework; name = UIKit.framework; path = System/Library/Frameworks/UIKit.framework; sourceTree = SDKROOT; };
		3A21D77D145D809400E8D1AF /* Foundation.framework */ = {isa = PBXFileReference; lastKnownFileType = wrapper.framework; name = Foundation.framework; path = System/Library/Frameworks/Foundation.framework; sourceTree = SDKROOT; };
		3A21D77F145D809400E8D1AF /* CoreGraphics.framework */ = {isa = PBXFileReference; lastKnownFileType = wrapper.framework; name = CoreGraphics.framework; path = System/Library/Frameworks/CoreGraphics.framework; sourceTree = SDKROOT; };
		3A21D781145D809400E8D1AF /* CoreData.framework */ = {isa = PBXFileReference; lastKnownFileType = wrapper.framework; name = CoreData.framework; path = System/Library/Frameworks/CoreData.framework; sourceTree = SDKROOT; };
		3A21D785145D809400E8D1AF /* Locations-Info.plist */ = {isa = PBXFileReference; lastKnownFileType = text.plist.xml; path = "Locations-Info.plist"; sourceTree = "<group>"; };
		3A21D787145D809400E8D1AF /* en */ = {isa = PBXFileReference; lastKnownFileType = text.plist.strings; name = en; path = en.lproj/InfoPlist.strings; sourceTree = "<group>"; };
		3A21D789145D809400E8D1AF /* main.m */ = {isa = PBXFileReference; lastKnownFileType = sourcecode.c.objc; path = main.m; sourceTree = "<group>"; };
		3A21D78B145D809400E8D1AF /* Locations-Prefix.pch */ = {isa = PBXFileReference; lastKnownFileType = sourcecode.c.h; path = "Locations-Prefix.pch"; sourceTree = "<group>"; };
		3A21D78C145D809400E8D1AF /* AppDelegate.h */ = {isa = PBXFileReference; lastKnownFileType = sourcecode.c.h; path = AppDelegate.h; sourceTree = "<group>"; };
		3A21D78D145D809400E8D1AF /* AppDelegate.m */ = {isa = PBXFileReference; lastKnownFileType = sourcecode.c.objc; path = AppDelegate.m; sourceTree = "<group>"; };
		3A21D790145D809400E8D1AF /* Locations.xcdatamodel */ = {isa = PBXFileReference; lastKnownFileType = wrapper.xcdatamodel; path = Locations.xcdatamodel; sourceTree = "<group>"; };
		3A21D7A0145D860A00E8D1AF /* RootViewController.h */ = {isa = PBXFileReference; fileEncoding = 4; lastKnownFileType = sourcecode.c.h; path = RootViewController.h; sourceTree = "<group>"; };
		3A21D7A1145D860A00E8D1AF /* RootViewController.m */ = {isa = PBXFileReference; fileEncoding = 4; lastKnownFileType = sourcecode.c.objc; path = RootViewController.m; sourceTree = "<group>"; };
/* End PBXFileReference section */

/* Begin PBXFrameworksBuildPhase section */
		3A21D774145D809400E8D1AF /* Frameworks */ = {
			isa = PBXFrameworksBuildPhase;
			buildActionMask = 2147483647;
			files = (
				3A21D77C145D809400E8D1AF /* UIKit.framework in Frameworks */,
				3A21D77E145D809400E8D1AF /* Foundation.framework in Frameworks */,
				3A21D780145D809400E8D1AF /* CoreGraphics.framework in Frameworks */,
				3A21D782145D809400E8D1AF /* CoreData.framework in Frameworks */,
			);
			runOnlyForDeploymentPostprocessing = 0;
		};
/* End PBXFrameworksBuildPhase section */

/* Begin PBXGroup section */
		3A21D76C145D809400E8D1AF = {
			isa = PBXGroup;
			children = (
				3A21D783145D809400E8D1AF /* Locations */,
				3A21D77A145D809400E8D1AF /* Frameworks */,
				3A21D778145D809400E8D1AF /* Products */,
			);
			sourceTree = "<group>";
		};
		3A21D778145D809400E8D1AF /* Products */ = {
			isa = PBXGroup;
			children = (
				3A21D777145D809400E8D1AF /* Locations.app */,
			);
			name = Products;
			sourceTree = "<group>";
		};
		3A21D77A145D809400E8D1AF /* Frameworks */ = {
			isa = PBXGroup;
			children = (
				3A21D77B145D809400E8D1AF /* UIKit.framework */,
				3A21D77D145D809400E8D1AF /* Foundation.framework */,
				3A21D77F145D809400E8D1AF /* CoreGraphics.framework */,
				3A21D781145D809400E8D1AF /* CoreData.framework */,
			);
			name = Frameworks;
			sourceTree = "<group>";
		};
		3A21D783145D809400E8D1AF /* Locations */ = {
			isa = PBXGroup;
			children = (
				3A21D78C145D809400E8D1AF /* AppDelegate.h */,
				3A21D78D145D809400E8D1AF /* AppDelegate.m */,
				3A21D7A0145D860A00E8D1AF /* RootViewController.h */,
				3A21D7A1145D860A00E8D1AF /* RootViewController.m */,
				3A21D78F145D809400E8D1AF /* Locations.xcdatamodeld */,
				3A21D784145D809400E8D1AF /* Supporting Files */,
			);
			path = Locations;
			sourceTree = "<group>";
		};
		3A21D784145D809400E8D1AF /* Supporting Files */ = {
			isa = PBXGroup;
			children = (
				3A21D785145D809400E8D1AF /* Locations-Info.plist */,
				3A21D786145D809400E8D1AF /* InfoPlist.strings */,
				3A21D789145D809400E8D1AF /* main.m */,
				3A21D78B145D809400E8D1AF /* Locations-Prefix.pch */,
			);
			name = "Supporting Files";
			sourceTree = "<group>";
		};
/* End PBXGroup section */

/* Begin PBXNativeTarget section */
		3A21D776145D809400E8D1AF /* Locations */ = {
			isa = PBXNativeTarget;
			buildConfigurationList = 3A21D794145D809400E8D1AF /* Build configuration list for PBXNativeTarget "Locations" */;
			buildPhases = (
				3A21D773145D809400E8D1AF /* Sources */,
				3A21D774145D809400E8D1AF /* Frameworks */,
				3A21D775145D809400E8D1AF /* Resources */,
			);
			buildRules = (
			);
			dependencies = (
			);
			name = Locations;
			productName = Locations;
			productReference = 3A21D777145D809400E8D1AF /* Locations.app */;
			productType = "com.apple.product-type.application";
		};
/* End PBXNativeTarget section */

/* Begin PBXProject section */
		3A21D76E145D809400E8D1AF /* Project object */ = {
			isa = PBXProject;
			attributes = {
				LastUpgradeCheck = 0420;
			};
			buildConfigurationList = 3A21D771145D809400E8D1AF /* Build configuration list for PBXProject "Locations" */;
			compatibilityVersion = "Xcode 3.2";
			developmentRegion = English;
			hasScannedForEncodings = 0;
			knownRegions = (
				en,
			);
			mainGroup = 3A21D76C145D809400E8D1AF;
			productRefGroup = 3A21D778145D809400E8D1AF /* Products */;
			projectDirPath = "";
			projectRoot = "";
			targets = (
				3A21D776145D809400E8D1AF /* Locations */,
			);
		};
/* End PBXProject section */

/* Begin PBXResourcesBuildPhase section */
		3A21D775145D809400E8D1AF /* Resources */ = {
			isa = PBXResourcesBuildPhase;
			buildActionMask = 2147483647;
			files = (
				3A21D788145D809400E8D1AF /* InfoPlist.strings in Resources */,
			);
			runOnlyForDeploymentPostprocessing = 0;
		};
/* End PBXResourcesBuildPhase section */

/* Begin PBXSourcesBuildPhase section */
		3A21D773145D809400E8D1AF /* Sources */ = {
			isa = PBXSourcesBuildPhase;
			buildActionMask = 2147483647;
			files = (
				3A21D78A145D809400E8D1AF /* main.m in Sources */,
				3A21D78E145D809400E8D1AF /* AppDelegate.m in Sources */,
				3A21D791145D809400E8D1AF /* Locations.xcdatamodeld in Sources */,
				3A21D7A2145D860A00E8D1AF /* RootViewController.m in Sources */,
			);
			runOnlyForDeploymentPostprocessing = 0;
		};
/* End PBXSourcesBuildPhase section */

/* Begin PBXVariantGroup section */
		3A21D786145D809400E8D1AF /* InfoPlist.strings */ = {
			isa = PBXVariantGroup;
			children = (
				3A21D787145D809400E8D1AF /* en */,
			);
			name = InfoPlist.strings;
			sourceTree = "<group>";
		};
/* End PBXVariantGroup section */

/* Begin XCBuildConfiguration section */
		3A21D792145D809400E8D1AF /* Debug */ = {
			isa = XCBuildConfiguration;
			buildSettings = {
				ALWAYS_SEARCH_USER_PATHS = NO;
				ARCHS = "$(ARCHS_STANDARD_32_BIT)";
				CLANG_ENABLE_OBJC_ARC = YES;
				"CODE_SIGN_IDENTITY[sdk=iphoneos*]" = "iPhone Developer";
				COPY_PHASE_STRIP = NO;
				GCC_C_LANGUAGE_STANDARD = gnu99;
				GCC_DYNAMIC_NO_PIC = NO;
				GCC_OPTIMIZATION_LEVEL = 0;
				GCC_PREPROCESSOR_DEFINITIONS = (
					"DEBUG=1",
					"$(inherited)",
				);
				GCC_SYMBOLS_PRIVATE_EXTERN = NO;
				GCC_VERSION = com.apple.compilers.llvm.clang.1_0;
				GCC_WARN_ABOUT_MISSING_PROTOTYPES = YES;
				GCC_WARN_ABOUT_RETURN_TYPE = YES;
				GCC_WARN_UNUSED_VARIABLE = YES;
				IPHONEOS_DEPLOYMENT_TARGET = 5.0;
				SDKROOT = iphoneos;
			};
			name = Debug;
		};
		3A21D793145D809400E8D1AF /* Release */ = {
			isa = XCBuildConfiguration;
			buildSettings = {
				ALWAYS_SEARCH_USER_PATHS = NO;
				ARCHS = "$(ARCHS_STANDARD_32_BIT)";
				CLANG_ENABLE_OBJC_ARC = YES;
				"CODE_SIGN_IDENTITY[sdk=iphoneos*]" = "iPhone Developer";
				COPY_PHASE_STRIP = YES;
				GCC_C_LANGUAGE_STANDARD = gnu99;
				GCC_VERSION = com.apple.compilers.llvm.clang.1_0;
				GCC_WARN_ABOUT_MISSING_PROTOTYPES = YES;
				GCC_WARN_ABOUT_RETURN_TYPE = YES;
				GCC_WARN_UNUSED_VARIABLE = YES;
				IPHONEOS_DEPLOYMENT_TARGET = 5.0;
				OTHER_CFLAGS = "-DNS_BLOCK_ASSERTIONS=1";
				SDKROOT = iphoneos;
				VALIDATE_PRODUCT = YES;
			};
			name = Release;
		};
		3A21D795145D809400E8D1AF /* Debug */ = {
			isa = XCBuildConfiguration;
			buildSettings = {
				GCC_PRECOMPILE_PREFIX_HEADER = YES;
				GCC_PREFIX_HEADER = "Locations/Locations-Prefix.pch";
				INFOPLIST_FILE = "Locations/Locations-Info.plist";
				PRODUCT_NAME = "$(TARGET_NAME)";
				WRAPPER_EXTENSION = app;
			};
			name = Debug;
		};
		3A21D796145D809400E8D1AF /* Release */ = {
			isa = XCBuildConfiguration;
			buildSettings = {
				GCC_PRECOMPILE_PREFIX_HEADER = YES;
				GCC_PREFIX_HEADER = "Locations/Locations-Prefix.pch";
				INFOPLIST_FILE = "Locations/Locations-Info.plist";
				PRODUCT_NAME = "$(TARGET_NAME)";
				WRAPPER_EXTENSION = app;
			};
			name = Release;
		};
/* End XCBuildConfiguration section */

/* Begin XCConfigurationList section */
		3A21D771145D809400E8D1AF /* Build configuration list for PBXProject "Locations" */ = {
			isa = XCConfigurationList;
			buildConfigurations = (
				3A21D792145D809400E8D1AF /* Debug */,
				3A21D793145D809400E8D1AF /* Release */,
			);
			defaultConfigurationIsVisible = 0;
			defaultConfigurationName = Release;
		};
		3A21D794145D809400E8D1AF /* Build configuration list for PBXNativeTarget "Locations" */ = {
			isa = XCConfigurationList;
			buildConfigurations = (
				3A21D795145D809400E8D1AF /* Debug */,
				3A21D796145D809400E8D1AF /* Release */,
			);
			defaultConfigurationIsVisible = 0;
		};
/* End XCConfigurationList section */

/* Begin XCVersionGroup section */
		3A21D78F145D809400E8D1AF /* Locations.xcdatamodeld */ = {
			isa = XCVersionGroup;
			children = (
				3A21D790145D809400E8D1AF /* Locations.xcdatamodel */,
			);
			currentVersion = 3A21D790145D809400E8D1AF /* Locations.xcdatamodel */;
			path = Locations.xcdatamodeld;
			sourceTree = "<group>";
			versionGroupType = wrapper.xcdatamodel;
		};
/* End XCVersionGroup section */
	};
	rootObject = 3A21D76E145D809400E8D1AF /* Project object */;
}
